// !$*UTF8*$!
{
	archiveVersion = 1;
	classes = {
	};
	objectVersion = 48;
	objects = {

/* Begin PBXBuildFile section */
		4C145B011FB4177B009E7581 /* silence.mp3 in Resources */ = {isa = PBXBuildFile; fileRef = 4C145B001FB41755009E7581 /* silence.mp3 */; };
		4C145B051FB41986009E7581 /* narwhals.mp3 in Resources */ = {isa = PBXBuildFile; fileRef = 4C145B041FB41982009E7581 /* narwhals.mp3 */; };
		4CD263891FD7AA9800097435 /* Assets.xcassets in Resources */ = {isa = PBXBuildFile; fileRef = 4C0197CC1FD77963003B7649 /* Assets.xcassets */; };
		579A4F851FB22E06003776E2 /* AppDelegate.swift in Sources */ = {isa = PBXBuildFile; fileRef = 579A4F841FB22E06003776E2 /* AppDelegate.swift */; };
		579A4F871FB22E06003776E2 /* ViewController.swift in Sources */ = {isa = PBXBuildFile; fileRef = 579A4F861FB22E06003776E2 /* ViewController.swift */; };
		579A4F8A1FB22E06003776E2 /* Main.storyboard in Resources */ = {isa = PBXBuildFile; fileRef = 579A4F881FB22E06003776E2 /* Main.storyboard */; };
		579A4F8F1FB22E06003776E2 /* LaunchScreen.storyboard in Resources */ = {isa = PBXBuildFile; fileRef = 579A4F8D1FB22E06003776E2 /* LaunchScreen.storyboard */; };
		579A4F991FB22FA5003776E2 /* wantyouback.mp3 in Resources */ = {isa = PBXBuildFile; fileRef = 579A4F981FB22FA5003776E2 /* wantyouback.mp3 */; };
		57E6C9EC1FB4C8950047DB02 /* mzm.sjquuebr.aac.p.mp3 in Resources */ = {isa = PBXBuildFile; fileRef = 57E6C9EB1FB4C8950047DB02 /* mzm.sjquuebr.aac.p.mp3 */; };
/* End PBXBuildFile section */

/* Begin PBXFileReference section */
		4C0197CC1FD77963003B7649 /* Assets.xcassets */ = {isa = PBXFileReference; lastKnownFileType = folder.assetcatalog; name = Assets.xcassets; path = ../Assets.xcassets; sourceTree = "<group>"; };
		4C145B001FB41755009E7581 /* silence.mp3 */ = {isa = PBXFileReference; lastKnownFileType = audio.mp3; path = silence.mp3; sourceTree = "<group>"; };
		4C145B041FB41982009E7581 /* narwhals.mp3 */ = {isa = PBXFileReference; lastKnownFileType = audio.mp3; path = narwhals.mp3; sourceTree = "<group>"; };
		579A4F811FB22E06003776E2 /* JukeBox.app */ = {isa = PBXFileReference; explicitFileType = wrapper.application; includeInIndex = 0; path = JukeBox.app; sourceTree = BUILT_PRODUCTS_DIR; };
		579A4F841FB22E06003776E2 /* AppDelegate.swift */ = {isa = PBXFileReference; lastKnownFileType = sourcecode.swift; path = AppDelegate.swift; sourceTree = "<group>"; };
		579A4F861FB22E06003776E2 /* ViewController.swift */ = {isa = PBXFileReference; lastKnownFileType = sourcecode.swift; path = ViewController.swift; sourceTree = "<group>"; };
		579A4F891FB22E06003776E2 /* Base */ = {isa = PBXFileReference; lastKnownFileType = file.storyboard; name = Base; path = Base.lproj/Main.storyboard; sourceTree = "<group>"; };
		579A4F8E1FB22E06003776E2 /* Base */ = {isa = PBXFileReference; lastKnownFileType = file.storyboard; name = Base; path = Base.lproj/LaunchScreen.storyboard; sourceTree = "<group>"; };
		579A4F901FB22E06003776E2 /* Info.plist */ = {isa = PBXFileReference; lastKnownFileType = text.plist.xml; path = Info.plist; sourceTree = "<group>"; };
		579A4F981FB22FA5003776E2 /* wantyouback.mp3 */ = {isa = PBXFileReference; lastKnownFileType = audio.mp3; path = wantyouback.mp3; sourceTree = "<group>"; };
		57E6C9EB1FB4C8950047DB02 /* mzm.sjquuebr.aac.p.mp3 */ = {isa = PBXFileReference; lastKnownFileType = audio.mp3; path = mzm.sjquuebr.aac.p.mp3; sourceTree = "<group>"; };
/* End PBXFileReference section */

/* Begin PBXFrameworksBuildPhase section */
		579A4F7E1FB22E06003776E2 /* Frameworks */ = {
			isa = PBXFrameworksBuildPhase;
			buildActionMask = 2147483647;
			files = (
			);
			runOnlyForDeploymentPostprocessing = 0;
		};
/* End PBXFrameworksBuildPhase section */

/* Begin PBXGroup section */
		579A4F781FB22E06003776E2 = {
			isa = PBXGroup;
			children = (
				579A4F831FB22E06003776E2 /* JukeBox */,
				579A4F821FB22E06003776E2 /* Products */,
				579A4F981FB22FA5003776E2 /* wantyouback.mp3 */,
				4C145B001FB41755009E7581 /* silence.mp3 */,
				4C145B041FB41982009E7581 /* narwhals.mp3 */,
				57E6C9EB1FB4C8950047DB02 /* mzm.sjquuebr.aac.p.mp3 */,
			);
			sourceTree = "<group>";
		};
		579A4F821FB22E06003776E2 /* Products */ = {
			isa = PBXGroup;
			children = (
				579A4F811FB22E06003776E2 /* JukeBox.app */,
			);
			name = Products;
			sourceTree = "<group>";
		};
		579A4F831FB22E06003776E2 /* JukeBox */ = {
			isa = PBXGroup;
			children = (
				579A4F841FB22E06003776E2 /* AppDelegate.swift */,
				4C0197CC1FD77963003B7649 /* Assets.xcassets */,
				579A4F861FB22E06003776E2 /* ViewController.swift */,
				579A4F881FB22E06003776E2 /* Main.storyboard */,
				579A4F8D1FB22E06003776E2 /* LaunchScreen.storyboard */,
				579A4F901FB22E06003776E2 /* Info.plist */,
			);
			path = JukeBox;
			sourceTree = "<group>";
		};
/* End PBXGroup section */

/* Begin PBXNativeTarget section */
		579A4F801FB22E06003776E2 /* JukeBox */ = {
			isa = PBXNativeTarget;
			buildConfigurationList = 579A4F931FB22E06003776E2 /* Build configuration list for PBXNativeTarget "JukeBox" */;
			buildPhases = (
				579A4F7D1FB22E06003776E2 /* Sources */,
				579A4F7E1FB22E06003776E2 /* Frameworks */,
				579A4F7F1FB22E06003776E2 /* Resources */,
			);
			buildRules = (
			);
			dependencies = (
			);
			name = JukeBox;
			productName = JukeBox;
			productReference = 579A4F811FB22E06003776E2 /* JukeBox.app */;
			productType = "com.apple.product-type.application";
		};
/* End PBXNativeTarget section */

/* Begin PBXProject section */
		579A4F791FB22E06003776E2 /* Project object */ = {
			isa = PBXProject;
			attributes = {
				LastSwiftUpdateCheck = 0900;
				LastUpgradeCheck = 0900;
				ORGANIZATIONNAME = "Andrew Buhler";
				TargetAttributes = {
					579A4F801FB22E06003776E2 = {
						CreatedOnToolsVersion = 9.0.1;
						ProvisioningStyle = Automatic;
					};
				};
			};
			buildConfigurationList = 579A4F7C1FB22E06003776E2 /* Build configuration list for PBXProject "Jukebox" */;
			compatibilityVersion = "Xcode 8.0";
			developmentRegion = en;
			hasScannedForEncodings = 0;
			knownRegions = (
				en,
				Base,
			);
			mainGroup = 579A4F781FB22E06003776E2;
			productRefGroup = 579A4F821FB22E06003776E2 /* Products */;
			projectDirPath = "";
			projectRoot = "";
			targets = (
				579A4F801FB22E06003776E2 /* JukeBox */,
			);
		};
/* End PBXProject section */

/* Begin PBXResourcesBuildPhase section */
		579A4F7F1FB22E06003776E2 /* Resources */ = {
			isa = PBXResourcesBuildPhase;
			buildActionMask = 2147483647;
			files = (
				4C145B011FB4177B009E7581 /* silence.mp3 in Resources */,
				57E6C9EC1FB4C8950047DB02 /* mzm.sjquuebr.aac.p.mp3 in Resources */,
				579A4F8F1FB22E06003776E2 /* LaunchScreen.storyboard in Resources */,
				579A4F991FB22FA5003776E2 /* wantyouback.mp3 in Resources */,
				4CD263891FD7AA9800097435 /* Assets.xcassets in Resources */,
				4C145B051FB41986009E7581 /* narwhals.mp3 in Resources */,
				579A4F8A1FB22E06003776E2 /* Main.storyboard in Resources */,
			);
			runOnlyForDeploymentPostprocessing = 0;
		};
/* End PBXResourcesBuildPhase section */

/* Begin PBXSourcesBuildPhase section */
		579A4F7D1FB22E06003776E2 /* Sources */ = {
			isa = PBXSourcesBuildPhase;
			buildActionMask = 2147483647;
			files = (
				579A4F871FB22E06003776E2 /* ViewController.swift in Sources */,
				579A4F851FB22E06003776E2 /* AppDelegate.swift in Sources */,
			);
			runOnlyForDeploymentPostprocessing = 0;
		};
/* End PBXSourcesBuildPhase section */

/* Begin PBXVariantGroup section */
		579A4F881FB22E06003776E2 /* Main.storyboard */ = {
			isa = PBXVariantGroup;
			children = (
				579A4F891FB22E06003776E2 /* Base */,
			);
			name = Main.storyboard;
			sourceTree = "<group>";
		};
		579A4F8D1FB22E06003776E2 /* LaunchScreen.storyboard */ = {
			isa = PBXVariantGroup;
			children = (
				579A4F8E1FB22E06003776E2 /* Base */,
			);
			name = LaunchScreen.storyboard;
			sourceTree = "<group>";
		};
/* End PBXVariantGroup section */

/* Begin XCBuildConfiguration section */
		579A4F911FB22E06003776E2 /* Debug */ = {
			isa = XCBuildConfiguration;
			buildSettings = {
				ALWAYS_SEARCH_USER_PATHS = NO;
				CLANG_ANALYZER_NONNULL = YES;
				CLANG_ANALYZER_NUMBER_OBJECT_CONVERSION = YES_AGGRESSIVE;
				CLANG_CXX_LANGUAGE_STANDARD = "gnu++14";
				CLANG_CXX_LIBRARY = "libc++";
				CLANG_ENABLE_MODULES = YES;
				CLANG_ENABLE_OBJC_ARC = YES;
				CLANG_WARN_BLOCK_CAPTURE_AUTORELEASING = YES;
				CLANG_WARN_BOOL_CONVERSION = YES;
				CLANG_WARN_COMMA = YES;
				CLANG_WARN_CONSTANT_CONVERSION = YES;
				CLANG_WARN_DIRECT_OBJC_ISA_USAGE = YES_ERROR;
				CLANG_WARN_DOCUMENTATION_COMMENTS = YES;
				CLANG_WARN_EMPTY_BODY = YES;
				CLANG_WARN_ENUM_CONVERSION = YES;
				CLANG_WARN_INFINITE_RECURSION = YES;
				CLANG_WARN_INT_CONVERSION = YES;
				CLANG_WARN_NON_LITERAL_NULL_CONVERSION = YES;
				CLANG_WARN_OBJC_LITERAL_CONVERSION = YES;
				CLANG_WARN_OBJC_ROOT_CLASS = YES_ERROR;
				CLANG_WARN_RANGE_LOOP_ANALYSIS = YES;
				CLANG_WARN_STRICT_PROTOTYPES = YES;
				CLANG_WARN_SUSPICIOUS_MOVE = YES;
				CLANG_WARN_UNGUARDED_AVAILABILITY = YES_AGGRESSIVE;
				CLANG_WARN_UNREACHABLE_CODE = YES;
				CLANG_WARN__DUPLICATE_METHOD_MATCH = YES;
				CODE_SIGN_IDENTITY = "iPhone Developer";
				COPY_PHASE_STRIP = NO;
				DEBUG_INFORMATION_FORMAT = dwarf;
				ENABLE_STRICT_OBJC_MSGSEND = YES;
				ENABLE_TESTABILITY = YES;
				GCC_C_LANGUAGE_STANDARD = gnu11;
				GCC_DYNAMIC_NO_PIC = NO;
				GCC_NO_COMMON_BLOCKS = YES;
				GCC_OPTIMIZATION_LEVEL = 0;
				GCC_PREPROCESSOR_DEFINITIONS = (
					"DEBUG=1",
					"$(inherited)",
				);
				GCC_WARN_64_TO_32_BIT_CONVERSION = YES;
				GCC_WARN_ABOUT_RETURN_TYPE = YES_ERROR;
				GCC_WARN_UNDECLARED_SELECTOR = YES;
				GCC_WARN_UNINITIALIZED_AUTOS = YES_AGGRESSIVE;
				GCC_WARN_UNUSED_FUNCTION = YES;
				GCC_WARN_UNUSED_VARIABLE = YES;
				IPHONEOS_DEPLOYMENT_TARGET = 11.0;
				MTL_ENABLE_DEBUG_INFO = YES;
				ONLY_ACTIVE_ARCH = YES;
				SDKROOT = iphoneos;
				SWIFT_ACTIVE_COMPILATION_CONDITIONS = DEBUG;
				SWIFT_OPTIMIZATION_LEVEL = "-Onone";
			};
			name = Debug;
		};
		579A4F921FB22E06003776E2 /* Release */ = {
			isa = XCBuildConfiguration;
			buildSettings = {
				ALWAYS_SEARCH_USER_PATHS = NO;
				CLANG_ANALYZER_NONNULL = YES;
				CLANG_ANALYZER_NUMBER_OBJECT_CONVERSION = YES_AGGRESSIVE;
				CLANG_CXX_LANGUAGE_STANDARD = "gnu++14";
				CLANG_CXX_LIBRARY = "libc++";
				CLANG_ENABLE_MODULES = YES;
				CLANG_ENABLE_OBJC_ARC = YES;
				CLANG_WARN_BLOCK_CAPTURE_AUTORELEASING = YES;
				CLANG_WARN_BOOL_CONVERSION = YES;
				CLANG_WARN_COMMA = YES;
				CLANG_WARN_CONSTANT_CONVERSION = YES;
				CLANG_WARN_DIRECT_OBJC_ISA_USAGE = YES_ERROR;
				CLANG_WARN_DOCUMENTATION_COMMENTS = YES;
				CLANG_WARN_EMPTY_BODY = YES;
				CLANG_WARN_ENUM_CONVERSION = YES;
				CLANG_WARN_INFINITE_RECURSION = YES;
				CLANG_WARN_INT_CONVERSION = YES;
				CLANG_WARN_NON_LITERAL_NULL_CONVERSION = YES;
				CLANG_WARN_OBJC_LITERAL_CONVERSION = YES;
				CLANG_WARN_OBJC_ROOT_CLASS = YES_ERROR;
				CLANG_WARN_RANGE_LOOP_ANALYSIS = YES;
				CLANG_WARN_STRICT_PROTOTYPES = YES;
				CLANG_WARN_SUSPICIOUS_MOVE = YES;
				CLANG_WARN_UNGUARDED_AVAILABILITY = YES_AGGRESSIVE;
				CLANG_WARN_UNREACHABLE_CODE = YES;
				CLANG_WARN__DUPLICATE_METHOD_MATCH = YES;
				CODE_SIGN_IDENTITY = "iPhone Developer";
				COPY_PHASE_STRIP = NO;
				DEBUG_INFORMATION_FORMAT = "dwarf-with-dsym";
				ENABLE_NS_ASSERTIONS = NO;
				ENABLE_STRICT_OBJC_MSGSEND = YES;
				GCC_C_LANGUAGE_STANDARD = gnu11;
				GCC_NO_COMMON_BLOCKS = YES;
				GCC_WARN_64_TO_32_BIT_CONVERSION = YES;
				GCC_WARN_ABOUT_RETURN_TYPE = YES_ERROR;
				GCC_WARN_UNDECLARED_SELECTOR = YES;
				GCC_WARN_UNINITIALIZED_AUTOS = YES_AGGRESSIVE;
				GCC_WARN_UNUSED_FUNCTION = YES;
				GCC_WARN_UNUSED_VARIABLE = YES;
				IPHONEOS_DEPLOYMENT_TARGET = 11.0;
				MTL_ENABLE_DEBUG_INFO = NO;
				SDKROOT = iphoneos;
				SWIFT_OPTIMIZATION_LEVEL = "-Owholemodule";
				VALIDATE_PRODUCT = YES;
			};
			name = Release;
		};
		579A4F941FB22E06003776E2 /* Debug */ = {
			isa = XCBuildConfiguration;
			buildSettings = {
				ASSETCATALOG_COMPILER_APPICON_NAME = AppIcon;
				CODE_SIGN_STYLE = Automatic;
				DEVELOPMENT_TEAM = 2XM8U9N36T;
				INFOPLIST_FILE = JukeBox/Info.plist;
				LD_RUNPATH_SEARCH_PATHS = "$(inherited) @executable_path/Frameworks";
				PRODUCT_BUNDLE_IDENTIFIER = SONGP;
				PRODUCT_NAME = "$(TARGET_NAME)";
				SWIFT_VERSION = 4.0;
				TARGETED_DEVICE_FAMILY = "1,2";
			};
			name = Debug;
		};
		579A4F951FB22E06003776E2 /* Release */ = {
			isa = XCBuildConfiguration;
			buildSettings = {
				ASSETCATALOG_COMPILER_APPICON_NAME = AppIcon;
				CODE_SIGN_STYLE = Automatic;
				DEVELOPMENT_TEAM = 2XM8U9N36T;
				INFOPLIST_FILE = JukeBox/Info.plist;
				LD_RUNPATH_SEARCH_PATHS = "$(inherited) @executable_path/Frameworks";
				PRODUCT_BUNDLE_IDENTIFIER = SONGP;
				PRODUCT_NAME = "$(TARGET_NAME)";
				SWIFT_VERSION = 4.0;
				TARGETED_DEVICE_FAMILY = "1,2";
			};
			name = Release;
		};
/* End XCBuildConfiguration section */

/* Begin XCConfigurationList section */
		579A4F7C1FB22E06003776E2 /* Build configuration list for PBXProject "Jukebox" */ = {
			isa = XCConfigurationList;
			buildConfigurations = (
				579A4F911FB22E06003776E2 /* Debug */,
				579A4F921FB22E06003776E2 /* Release */,
			);
			defaultConfigurationIsVisible = 0;
			defaultConfigurationName = Release;
		};
		579A4F931FB22E06003776E2 /* Build configuration list for PBXNativeTarget "JukeBox" */ = {
			isa = XCConfigurationList;
			buildConfigurations = (
				579A4F941FB22E06003776E2 /* Debug */,
				579A4F951FB22E06003776E2 /* Release */,
			);
			defaultConfigurationIsVisible = 0;
			defaultConfigurationName = Release;
		};
/* End XCConfigurationList section */
	};
	rootObject = 579A4F791FB22E06003776E2 /* Project object */;
}
